{
  "name": "vue-pay",
  "version": "1.0.0",
  "lockfileVersion": 1,
  "requires": true,
  "dependencies": {
    "lpay": {
      "version": "1.0.0",
      "resolved": "https://registry.npmjs.org/lpay/-/lpay-1.0.0.tgz",
      "integrity": "sha512-nsRfto9qvCLEzjW3Vsgy1WMMMjPlix80R7VEQrT9exasQrVp6Mom/fhapCn66YE7GVdLaedcoVnV0RE49+Q47A=="
    }
  }
}
